<?xml version="1.0" encoding="utf-8"?>
<Project ToolsVersion="4.0" xmlns="http://schemas.microsoft.com/developer/msbuild/2003">
  <ItemGroup>
    <Filter Include="Resource Files">
      <UniqueIdentifier>{67DA6AB6-F800-4c08-8B7A-83BB121AAD01}</UniqueIdentifier>
      <Extensions>rc;ico;cur;bmp;dlg;rc2;rct;bin;rgs;gif;jpg;jpeg;jpe;resx;tiff;tif;png;wav;mfcribbon-ms</Extensions>
    </Filter>
    <Filter Include="Component">
      <UniqueIdentifier>{a682c30f-119c-45c2-a3d1-1ed3d163a262}</UniqueIdentifier>
    </Filter>
    <Filter Include="Define">
      <UniqueIdentifier>{736092ec-17c6-4362-8079-6ddbee015231}</UniqueIdentifier>
    </Filter>
    <Filter Include="Scene">
      <UniqueIdentifier>{59fcfde3-9be9-4d31-a97b-1b4b8c843c34}</UniqueIdentifier>
    </Filter>
    <Filter Include="Object">
      <UniqueIdentifier>{cf6e03c1-2fbc-49e5-9e69-e1f6e38c5e49}</UniqueIdentifier>
    </Filter>
    <Filter Include="Object\Mega Man">
      <UniqueIdentifier>{dff41b5b-164b-4254-8db7-f27bb4edf0ab}</UniqueIdentifier>
    </Filter>
    <Filter Include="TinyXML">
      <UniqueIdentifier>{c7cfc67a-4e8e-4c4e-a4e7-3d5583a04644}</UniqueIdentifier>
    </Filter>
    <Filter Include="Object\Bullet">
      <UniqueIdentifier>{c849ea8e-1080-4009-afeb-3d6980114036}</UniqueIdentifier>
    </Filter>
    <Filter Include="Object\Effect">
      <UniqueIdentifier>{a315f682-3a18-4656-8ff8-a384bf5fe3cc}</UniqueIdentifier>
    </Filter>
    <Filter Include="Object\Items">
      <UniqueIdentifier>{38179e53-16a5-4e21-8908-1c374c4aa418}</UniqueIdentifier>
    </Filter>
    <Filter Include="Lifebar">
      <UniqueIdentifier>{3b9656fd-7212-4f9a-9f99-572672cbaefe}</UniqueIdentifier>
    </Filter>
    <Filter Include="Map">
      <UniqueIdentifier>{cb233923-355b-4c55-9492-874ff70a2e36}</UniqueIdentifier>
    </Filter>
    <Filter Include="Object\Enemy">
      <UniqueIdentifier>{470a3100-6c21-45d7-aebd-8cb075ee92d1}</UniqueIdentifier>
    </Filter>
    <Filter Include="Object\Boss">
      <UniqueIdentifier>{47096851-f9d5-4f02-8265-3bd08a299929}</UniqueIdentifier>
    </Filter>
  </ItemGroup>
  <ItemGroup>
    <ClInclude Include="Keyboard.h">
      <Filter>Component</Filter>
    </ClInclude>
    <ClInclude Include="Animation.h">
      <Filter>Component</Filter>
    </ClInclude>
    <ClInclude Include="Collision.h">
      <Filter>Component</Filter>
    </ClInclude>
    <ClInclude Include="Game.h">
      <Filter>Component</Filter>
    </ClInclude>
    <ClInclude Include="Graphic.h">
      <Filter>Component</Filter>
    </ClInclude>
    <ClInclude Include="MegaManState.h">
      <Filter>Object\Mega Man</Filter>
    </ClInclude>
    <ClInclude Include="MegaMan.h">
      <Filter>Object\Mega Man</Filter>
    </ClInclude>
    <ClInclude Include="MegaManAnimation.h">
      <Filter>Object\Mega Man</Filter>
    </ClInclude>
    <ClInclude Include="Object.h">
      <Filter>Object</Filter>
    </ClInclude>
    <ClInclude Include="Sprite.h">
      <Filter>Component</Filter>
    </ClInclude>
    <ClInclude Include="TinyXML\tinystr.h">
      <Filter>TinyXML</Filter>
    </ClInclude>
    <ClInclude Include="TinyXML\tinyxml.h">
      <Filter>TinyXML</Filter>
    </ClInclude>
    <ClInclude Include="Text.h">
      <Filter>Component</Filter>
    </ClInclude>
    <ClInclude Include="SpriteSheet.h">
      <Filter>Component</Filter>
    </ClInclude>
    <ClInclude Include="Define.h">
      <Filter>Define</Filter>
    </ClInclude>
    <ClInclude Include="ObjectManager.h">
      <Filter>Object</Filter>
    </ClInclude>
    <ClInclude Include="Scene.h">
      <Filter>Scene</Filter>
    </ClInclude>
    <ClInclude Include="Map.h">
      <Filter>Map</Filter>
    </ClInclude>
    <ClInclude Include="TileSet.h">
      <Filter>Map</Filter>
    </ClInclude>
    <ClInclude Include="Bullet.h">
      <Filter>Object\Bullet</Filter>
    </ClInclude>
    <ClInclude Include="LightEnergy.h">
      <Filter>Object\Effect</Filter>
    </ClInclude>
    <ClInclude Include="Spark.h">
      <Filter>Object\Effect</Filter>
    </ClInclude>
    <ClInclude Include="Viewport.h">
      <Filter>Component</Filter>
    </ClInclude>
    <ClInclude Include="Smoke.h">
      <Filter>Object\Effect</Filter>
    </ClInclude>
    <ClInclude Include="QuadTree.h">
      <Filter>Component</Filter>
    </ClInclude>
    <ClInclude Include="MapObject.h">
      <Filter>Map</Filter>
    </ClInclude>
    <ClInclude Include="MapObjectGroup.h">
      <Filter>Map</Filter>
    </ClInclude>
    <ClInclude Include="Enemy.h">
      <Filter>Object\Enemy</Filter>
    </ClInclude>
    <ClInclude Include="Lifebar.h">
      <Filter>Lifebar</Filter>
    </ClInclude>
    <ClInclude Include="Item.h">
      <Filter>Object\Items</Filter>
    </ClInclude>
    <ClInclude Include="Explosion.h">
      <Filter>Object\Effect</Filter>
    </ClInclude>
    <ClInclude Include="Collapse.h">
      <Filter>Object\Enemy</Filter>
    </ClInclude>
    <ClInclude Include="HeadGunner.h">
      <Filter>Object\Enemy</Filter>
    </ClInclude>
    <ClInclude Include="NotorBanger.h">
      <Filter>Object\Enemy</Filter>
    </ClInclude>
    <ClInclude Include="Helit.h">
      <Filter>Object\Enemy</Filter>
    </ClInclude>
    <ClInclude Include="Boss.h">
      <Filter>Object\Boss</Filter>
    </ClInclude>
    <ClInclude Include="Genjibo.h">
      <Filter>Object\Boss</Filter>
    </ClInclude>
  </ItemGroup>
  <ItemGroup>
    <ClCompile Include="Animation.cpp">
      <Filter>Component</Filter>
    </ClCompile>
    <ClCompile Include="Collision.cpp">
      <Filter>Component</Filter>
    </ClCompile>
    <ClCompile Include="Game.cpp">
      <Filter>Component</Filter>
    </ClCompile>
    <ClCompile Include="Graphic.cpp">
      <Filter>Component</Filter>
    </ClCompile>
    <ClCompile Include="Keyboard.cpp">
      <Filter>Component</Filter>
    </ClCompile>
    <ClCompile Include="MegaMan.cpp">
      <Filter>Object\Mega Man</Filter>
    </ClCompile>
    <ClCompile Include="MegaManAnimation.cpp">
      <Filter>Object\Mega Man</Filter>
    </ClCompile>
    <ClCompile Include="MegaManState.cpp">
      <Filter>Object\Mega Man</Filter>
    </ClCompile>
    <ClCompile Include="ObjectManager.cpp">
      <Filter>Object</Filter>
    </ClCompile>
    <ClCompile Include="Scene.cpp">
      <Filter>Scene</Filter>
    </ClCompile>
    <ClCompile Include="WinMain.cpp">
      <Filter>Component</Filter>
    </ClCompile>
    <ClCompile Include="Sprite.cpp">
      <Filter>Component</Filter>
    </ClCompile>
    <ClCompile Include="Text.cpp">
      <Filter>Component</Filter>
    </ClCompile>
    <ClCompile Include="TinyXML\tinyxmlparser.cpp">
      <Filter>TinyXML</Filter>
    </ClCompile>
    <ClCompile Include="TinyXML\tinystr.cpp">
      <Filter>TinyXML</Filter>
    </ClCompile>
    <ClCompile Include="TinyXML\tinyxml.cpp">
      <Filter>TinyXML</Filter>
    </ClCompile>
    <ClCompile Include="TinyXML\tinyxmlerror.cpp">
      <Filter>TinyXML</Filter>
    </ClCompile>
    <ClCompile Include="SpriteSheet.cpp">
      <Filter>Component</Filter>
    </ClCompile>
    <ClCompile Include="Viewport.cpp">
      <Filter>Component</Filter>
    </ClCompile>
    <ClCompile Include="Map.cpp">
      <Filter>Map</Filter>
    </ClCompile>
    <ClCompile Include="TileSet.cpp">
      <Filter>Map</Filter>
    </ClCompile>
    <ClCompile Include="Bullet.cpp">
      <Filter>Object\Bullet</Filter>
    </ClCompile>
    <ClCompile Include="LightEnergy.cpp">
      <Filter>Object\Effect</Filter>
    </ClCompile>
    <ClCompile Include="Spark.cpp">
      <Filter>Object\Effect</Filter>
    </ClCompile>
    <ClCompile Include="Smoke.cpp">
      <Filter>Object\Effect</Filter>
    </ClCompile>
    <ClCompile Include="QuadTree.cpp">
      <Filter>Component</Filter>
    </ClCompile>
    <ClCompile Include="MapObject.cpp">
      <Filter>Map</Filter>
    </ClCompile>
    <ClCompile Include="MapObjectGroup.cpp">
      <Filter>Map</Filter>
    </ClCompile>
    <ClCompile Include="Enemy.cpp">
      <Filter>Object\Enemy</Filter>
    </ClCompile>
    <ClCompile Include="Lifebar.cpp">
      <Filter>Lifebar</Filter>
    </ClCompile>
    <ClCompile Include="Item.cpp">
      <Filter>Object\Items</Filter>
    </ClCompile>
    <ClCompile Include="Collapse.cpp">
      <Filter>Object\Enemy</Filter>
    </ClCompile>
    <ClCompile Include="Object.cpp">
      <Filter>Object</Filter>
    </ClCompile>
    <ClCompile Include="HeadGunner.cpp">
      <Filter>Object\Enemy</Filter>
    </ClCompile>
    <ClCompile Include="NotorBanger.cpp">
      <Filter>Object\Enemy</Filter>
    </ClCompile>
    <ClCompile Include="Explosion.cpp">
      <Filter>Object\Effect</Filter>
    </ClCompile>
    <ClCompile Include="Helit.cpp">
      <Filter>Object\Enemy</Filter>
    </ClCompile>
    <ClCompile Include="Boss.cpp">
      <Filter>Object\Boss</Filter>
    </ClCompile>
    <ClCompile Include="Genjibo.cpp">
      <Filter>Object\Boss</Filter>
    </ClCompile>
  </ItemGroup>
  <ItemGroup>
    <Xml Include="Resource Files\MegaMan.xml">
      <Filter>Resource Files</Filter>
    </Xml>
    <Xml Include="Resource Files\test.xml">
      <Filter>Resource Files</Filter>
    </Xml>
  </ItemGroup>
  <ItemGroup>
    <Image Include="Resource Files\MegaMan.png">
      <Filter>Resource Files</Filter>
    </Image>
  </ItemGroup>
  <ItemGroup>
    <None Include="Resource Files\Map.tmx">
      <Filter>Resource Files</Filter>
    </None>
  </ItemGroup>
</Project>